// !$*UTF8*$!
{
	archiveVersion = 1;
	classes = {
	};
	objectVersion = 55;
	objects = {

/* Begin PBXBuildFile section */
		5CB6DEB42872E83600A752A7 /* AppDelegate.swift in Sources */ = {isa = PBXBuildFile; fileRef = 5CB6DEB32872E83600A752A7 /* AppDelegate.swift */; };
		5CB6DEB62872E83600A752A7 /* SceneDelegate.swift in Sources */ = {isa = PBXBuildFile; fileRef = 5CB6DEB52872E83600A752A7 /* SceneDelegate.swift */; };
		5CB6DEB82872E83600A752A7 /* SearchViewController.swift in Sources */ = {isa = PBXBuildFile; fileRef = 5CB6DEB72872E83600A752A7 /* SearchViewController.swift */; };
		5CB6DEBD2872E83700A752A7 /* Assets.xcassets in Resources */ = {isa = PBXBuildFile; fileRef = 5CB6DEBC2872E83700A752A7 /* Assets.xcassets */; };
		5CB6DEC02872E83700A752A7 /* LaunchScreen.storyboard in Resources */ = {isa = PBXBuildFile; fileRef = 5CB6DEBE2872E83700A752A7 /* LaunchScreen.storyboard */; };
		5CB6DED52872E83700A752A7 /* iTunesSearchUITests.swift in Sources */ = {isa = PBXBuildFile; fileRef = 5CB6DED42872E83700A752A7 /* iTunesSearchUITests.swift */; };
		5CB6DED72872E83700A752A7 /* iTunesSearchUITestsLaunchTests.swift in Sources */ = {isa = PBXBuildFile; fileRef = 5CB6DED62872E83700A752A7 /* iTunesSearchUITestsLaunchTests.swift */; };
		5CB6DEE42872F01600A752A7 /* SongTableViewCell.swift in Sources */ = {isa = PBXBuildFile; fileRef = 5CB6DEE32872F01600A752A7 /* SongTableViewCell.swift */; };
		5CB6DEE62872F44300A752A7 /* Song.swift in Sources */ = {isa = PBXBuildFile; fileRef = 5CB6DEE52872F44300A752A7 /* Song.swift */; };
		5CB6DEE82872F95600A752A7 /* SearchViewReactor.swift in Sources */ = {isa = PBXBuildFile; fileRef = 5CB6DEE72872F95600A752A7 /* SearchViewReactor.swift */; };
		5CB6DEEC2872FB4400A752A7 /* SearchViewControllerSpec.swift in Sources */ = {isa = PBXBuildFile; fileRef = 5CB6DEEB2872FB4400A752A7 /* SearchViewControllerSpec.swift */; };
		BF36C213755E416CFD0A6FED /* Pods_iTunesSearch.framework in Frameworks */ = {isa = PBXBuildFile; fileRef = 092199DCD8CA23F452FD91E7 /* Pods_iTunesSearch.framework */; };
		C6E9CCBD04425333EBD64EF2 /* Pods_iTunesSearchTests.framework in Frameworks */ = {isa = PBXBuildFile; fileRef = A0454F5FEDEE2B0EC6B082AB /* Pods_iTunesSearchTests.framework */; };
		FD0F3C893E89BE23AF9A4890 /* Pods_iTunesSearch_iTunesSearchUITests.framework in Frameworks */ = {isa = PBXBuildFile; fileRef = FDFAF45AC51C84401BD1C608 /* Pods_iTunesSearch_iTunesSearchUITests.framework */; };
/* End PBXBuildFile section */

/* Begin PBXContainerItemProxy section */
		5CB6DEC72872E83700A752A7 /* PBXContainerItemProxy */ = {
			isa = PBXContainerItemProxy;
			containerPortal = 5CB6DEA82872E83600A752A7 /* Project object */;
			proxyType = 1;
			remoteGlobalIDString = 5CB6DEAF2872E83600A752A7;
			remoteInfo = iTunesSearch;
		};
		5CB6DED12872E83700A752A7 /* PBXContainerItemProxy */ = {
			isa = PBXContainerItemProxy;
			containerPortal = 5CB6DEA82872E83600A752A7 /* Project object */;
			proxyType = 1;
			remoteGlobalIDString = 5CB6DEAF2872E83600A752A7;
			remoteInfo = iTunesSearch;
		};
/* End PBXContainerItemProxy section */

/* Begin PBXFileReference section */
		092199DCD8CA23F452FD91E7 /* Pods_iTunesSearch.framework */ = {isa = PBXFileReference; explicitFileType = wrapper.framework; includeInIndex = 0; path = Pods_iTunesSearch.framework; sourceTree = BUILT_PRODUCTS_DIR; };
		0D31E7F52949B4394322B51F /* Pods-iTunesSearch-iTunesSearchUITests.debug.xcconfig */ = {isa = PBXFileReference; includeInIndex = 1; lastKnownFileType = text.xcconfig; name = "Pods-iTunesSearch-iTunesSearchUITests.debug.xcconfig"; path = "Target Support Files/Pods-iTunesSearch-iTunesSearchUITests/Pods-iTunesSearch-iTunesSearchUITests.debug.xcconfig"; sourceTree = "<group>"; };
		48D81AB461B957BD71A50CED /* Pods-iTunesSearch.debug.xcconfig */ = {isa = PBXFileReference; includeInIndex = 1; lastKnownFileType = text.xcconfig; name = "Pods-iTunesSearch.debug.xcconfig"; path = "Target Support Files/Pods-iTunesSearch/Pods-iTunesSearch.debug.xcconfig"; sourceTree = "<group>"; };
		5CB6DEB02872E83600A752A7 /* iTunesSearch.app */ = {isa = PBXFileReference; explicitFileType = wrapper.application; includeInIndex = 0; path = iTunesSearch.app; sourceTree = BUILT_PRODUCTS_DIR; };
		5CB6DEB32872E83600A752A7 /* AppDelegate.swift */ = {isa = PBXFileReference; lastKnownFileType = sourcecode.swift; path = AppDelegate.swift; sourceTree = "<group>"; };
		5CB6DEB52872E83600A752A7 /* SceneDelegate.swift */ = {isa = PBXFileReference; lastKnownFileType = sourcecode.swift; path = SceneDelegate.swift; sourceTree = "<group>"; };
		5CB6DEB72872E83600A752A7 /* SearchViewController.swift */ = {isa = PBXFileReference; lastKnownFileType = sourcecode.swift; path = SearchViewController.swift; sourceTree = "<group>"; };
		5CB6DEBC2872E83700A752A7 /* Assets.xcassets */ = {isa = PBXFileReference; lastKnownFileType = folder.assetcatalog; path = Assets.xcassets; sourceTree = "<group>"; };
		5CB6DEBF2872E83700A752A7 /* Base */ = {isa = PBXFileReference; lastKnownFileType = file.storyboard; name = Base; path = Base.lproj/LaunchScreen.storyboard; sourceTree = "<group>"; };
		5CB6DEC12872E83700A752A7 /* Info.plist */ = {isa = PBXFileReference; lastKnownFileType = text.plist.xml; path = Info.plist; sourceTree = "<group>"; };
		5CB6DEC62872E83700A752A7 /* iTunesSearchTests.xctest */ = {isa = PBXFileReference; explicitFileType = wrapper.cfbundle; includeInIndex = 0; path = iTunesSearchTests.xctest; sourceTree = BUILT_PRODUCTS_DIR; };
		5CB6DED02872E83700A752A7 /* iTunesSearchUITests.xctest */ = {isa = PBXFileReference; explicitFileType = wrapper.cfbundle; includeInIndex = 0; path = iTunesSearchUITests.xctest; sourceTree = BUILT_PRODUCTS_DIR; };
		5CB6DED42872E83700A752A7 /* iTunesSearchUITests.swift */ = {isa = PBXFileReference; lastKnownFileType = sourcecode.swift; path = iTunesSearchUITests.swift; sourceTree = "<group>"; };
		5CB6DED62872E83700A752A7 /* iTunesSearchUITestsLaunchTests.swift */ = {isa = PBXFileReference; lastKnownFileType = sourcecode.swift; path = iTunesSearchUITestsLaunchTests.swift; sourceTree = "<group>"; };
		5CB6DEE32872F01600A752A7 /* SongTableViewCell.swift */ = {isa = PBXFileReference; lastKnownFileType = sourcecode.swift; path = SongTableViewCell.swift; sourceTree = "<group>"; };
		5CB6DEE52872F44300A752A7 /* Song.swift */ = {isa = PBXFileReference; lastKnownFileType = sourcecode.swift; path = Song.swift; sourceTree = "<group>"; };
		5CB6DEE72872F95600A752A7 /* SearchViewReactor.swift */ = {isa = PBXFileReference; lastKnownFileType = sourcecode.swift; path = SearchViewReactor.swift; sourceTree = "<group>"; };
		5CB6DEEB2872FB4400A752A7 /* SearchViewControllerSpec.swift */ = {isa = PBXFileReference; lastKnownFileType = sourcecode.swift; path = SearchViewControllerSpec.swift; sourceTree = "<group>"; };
		73253AC2222DCBDD5EA82590 /* Pods-iTunesSearchTests.release.xcconfig */ = {isa = PBXFileReference; includeInIndex = 1; lastKnownFileType = text.xcconfig; name = "Pods-iTunesSearchTests.release.xcconfig"; path = "Target Support Files/Pods-iTunesSearchTests/Pods-iTunesSearchTests.release.xcconfig"; sourceTree = "<group>"; };
		A0454F5FEDEE2B0EC6B082AB /* Pods_iTunesSearchTests.framework */ = {isa = PBXFileReference; explicitFileType = wrapper.framework; includeInIndex = 0; path = Pods_iTunesSearchTests.framework; sourceTree = BUILT_PRODUCTS_DIR; };
		C87098D73B656AD9FF3EC79F /* Pods-iTunesSearch.release.xcconfig */ = {isa = PBXFileReference; includeInIndex = 1; lastKnownFileType = text.xcconfig; name = "Pods-iTunesSearch.release.xcconfig"; path = "Target Support Files/Pods-iTunesSearch/Pods-iTunesSearch.release.xcconfig"; sourceTree = "<group>"; };
		EFC8CE121A64151A70E26146 /* Pods-iTunesSearch-iTunesSearchUITests.release.xcconfig */ = {isa = PBXFileReference; includeInIndex = 1; lastKnownFileType = text.xcconfig; name = "Pods-iTunesSearch-iTunesSearchUITests.release.xcconfig"; path = "Target Support Files/Pods-iTunesSearch-iTunesSearchUITests/Pods-iTunesSearch-iTunesSearchUITests.release.xcconfig"; sourceTree = "<group>"; };
		FDFAF45AC51C84401BD1C608 /* Pods_iTunesSearch_iTunesSearchUITests.framework */ = {isa = PBXFileReference; explicitFileType = wrapper.framework; includeInIndex = 0; path = Pods_iTunesSearch_iTunesSearchUITests.framework; sourceTree = BUILT_PRODUCTS_DIR; };
		FF113BC766EC8EE1D7E354A0 /* Pods-iTunesSearchTests.debug.xcconfig */ = {isa = PBXFileReference; includeInIndex = 1; lastKnownFileType = text.xcconfig; name = "Pods-iTunesSearchTests.debug.xcconfig"; path = "Target Support Files/Pods-iTunesSearchTests/Pods-iTunesSearchTests.debug.xcconfig"; sourceTree = "<group>"; };
/* End PBXFileReference section */

/* Begin PBXFrameworksBuildPhase section */
		5CB6DEAD2872E83600A752A7 /* Frameworks */ = {
			isa = PBXFrameworksBuildPhase;
			buildActionMask = 2147483647;
			files = (
				BF36C213755E416CFD0A6FED /* Pods_iTunesSearch.framework in Frameworks */,
			);
			runOnlyForDeploymentPostprocessing = 0;
		};
		5CB6DEC32872E83700A752A7 /* Frameworks */ = {
			isa = PBXFrameworksBuildPhase;
			buildActionMask = 2147483647;
			files = (
				C6E9CCBD04425333EBD64EF2 /* Pods_iTunesSearchTests.framework in Frameworks */,
			);
			runOnlyForDeploymentPostprocessing = 0;
		};
		5CB6DECD2872E83700A752A7 /* Frameworks */ = {
			isa = PBXFrameworksBuildPhase;
			buildActionMask = 2147483647;
			files = (
				FD0F3C893E89BE23AF9A4890 /* Pods_iTunesSearch_iTunesSearchUITests.framework in Frameworks */,
			);
			runOnlyForDeploymentPostprocessing = 0;
		};
/* End PBXFrameworksBuildPhase section */

/* Begin PBXGroup section */
		5CB6DEA72872E83600A752A7 = {
			isa = PBXGroup;
			children = (
				5CB6DEB22872E83600A752A7 /* iTunesSearch */,
				5CB6DEC92872E83700A752A7 /* iTunesSearchTests */,
				5CB6DED32872E83700A752A7 /* iTunesSearchUITests */,
				5CB6DEB12872E83600A752A7 /* Products */,
				AE7241B37A45C5B9CD1CCC8E /* Pods */,
				A12669FE308756919389DA25 /* Frameworks */,
			);
			sourceTree = "<group>";
		};
		5CB6DEB12872E83600A752A7 /* Products */ = {
			isa = PBXGroup;
			children = (
				5CB6DEB02872E83600A752A7 /* iTunesSearch.app */,
				5CB6DEC62872E83700A752A7 /* iTunesSearchTests.xctest */,
				5CB6DED02872E83700A752A7 /* iTunesSearchUITests.xctest */,
			);
			name = Products;
			sourceTree = "<group>";
		};
		5CB6DEB22872E83600A752A7 /* iTunesSearch */ = {
			isa = PBXGroup;
			children = (
				5CB6DEEF2873063500A752A7 /* Application */,
				5CB6DEED287305F200A752A7 /* SearchSong */,
				5CB6DEEE2873062A00A752A7 /* Model */,
				5CB6DEF02873064100A752A7 /* Resource */,
			);
			path = iTunesSearch;
			sourceTree = "<group>";
		};
		5CB6DEC92872E83700A752A7 /* iTunesSearchTests */ = {
			isa = PBXGroup;
			children = (
				5CB6DEEB2872FB4400A752A7 /* SearchViewControllerSpec.swift */,
			);
			path = iTunesSearchTests;
			sourceTree = "<group>";
		};
		5CB6DED32872E83700A752A7 /* iTunesSearchUITests */ = {
			isa = PBXGroup;
			children = (
				5CB6DED42872E83700A752A7 /* iTunesSearchUITests.swift */,
				5CB6DED62872E83700A752A7 /* iTunesSearchUITestsLaunchTests.swift */,
			);
			path = iTunesSearchUITests;
			sourceTree = "<group>";
		};
		5CB6DEED287305F200A752A7 /* SearchSong */ = {
			isa = PBXGroup;
			children = (
				5CB6DEB72872E83600A752A7 /* SearchViewController.swift */,
				5CB6DEE72872F95600A752A7 /* SearchViewReactor.swift */,
				5CB6DEE32872F01600A752A7 /* SongTableViewCell.swift */,
			);
			path = SearchSong;
			sourceTree = "<group>";
		};
		5CB6DEEE2873062A00A752A7 /* Model */ = {
			isa = PBXGroup;
			children = (
				5CB6DEE52872F44300A752A7 /* Song.swift */,
			);
			path = Model;
			sourceTree = "<group>";
		};
		5CB6DEEF2873063500A752A7 /* Application */ = {
			isa = PBXGroup;
			children = (
				5CB6DEB32872E83600A752A7 /* AppDelegate.swift */,
				5CB6DEB52872E83600A752A7 /* SceneDelegate.swift */,
			);
			path = Application;
			sourceTree = "<group>";
		};
		5CB6DEF02873064100A752A7 /* Resource */ = {
			isa = PBXGroup;
			children = (
				5CB6DEBC2872E83700A752A7 /* Assets.xcassets */,
				5CB6DEBE2872E83700A752A7 /* LaunchScreen.storyboard */,
				5CB6DEC12872E83700A752A7 /* Info.plist */,
			);
			path = Resource;
			sourceTree = "<group>";
		};
		A12669FE308756919389DA25 /* Frameworks */ = {
			isa = PBXGroup;
			children = (
				092199DCD8CA23F452FD91E7 /* Pods_iTunesSearch.framework */,
				FDFAF45AC51C84401BD1C608 /* Pods_iTunesSearch_iTunesSearchUITests.framework */,
				A0454F5FEDEE2B0EC6B082AB /* Pods_iTunesSearchTests.framework */,
			);
			name = Frameworks;
			sourceTree = "<group>";
		};
		AE7241B37A45C5B9CD1CCC8E /* Pods */ = {
			isa = PBXGroup;
			children = (
				48D81AB461B957BD71A50CED /* Pods-iTunesSearch.debug.xcconfig */,
				C87098D73B656AD9FF3EC79F /* Pods-iTunesSearch.release.xcconfig */,
				0D31E7F52949B4394322B51F /* Pods-iTunesSearch-iTunesSearchUITests.debug.xcconfig */,
				EFC8CE121A64151A70E26146 /* Pods-iTunesSearch-iTunesSearchUITests.release.xcconfig */,
				FF113BC766EC8EE1D7E354A0 /* Pods-iTunesSearchTests.debug.xcconfig */,
				73253AC2222DCBDD5EA82590 /* Pods-iTunesSearchTests.release.xcconfig */,
			);
			path = Pods;
			sourceTree = "<group>";
		};
/* End PBXGroup section */

/* Begin PBXNativeTarget section */
		5CB6DEAF2872E83600A752A7 /* iTunesSearch */ = {
			isa = PBXNativeTarget;
			buildConfigurationList = 5CB6DEDA2872E83700A752A7 /* Build configuration list for PBXNativeTarget "iTunesSearch" */;
			buildPhases = (
				37E3E61C0CC6047A340F091C /* [CP] Check Pods Manifest.lock */,
				5CB6DEAC2872E83600A752A7 /* Sources */,
				5CB6DEAD2872E83600A752A7 /* Frameworks */,
				5CB6DEAE2872E83600A752A7 /* Resources */,
				246B19F719F9BDF884014A62 /* [CP] Embed Pods Frameworks */,
			);
			buildRules = (
			);
			dependencies = (
			);
			name = iTunesSearch;
			productName = iTunesSearch;
			productReference = 5CB6DEB02872E83600A752A7 /* iTunesSearch.app */;
			productType = "com.apple.product-type.application";
		};
		5CB6DEC52872E83700A752A7 /* iTunesSearchTests */ = {
			isa = PBXNativeTarget;
			buildConfigurationList = 5CB6DEDD2872E83700A752A7 /* Build configuration list for PBXNativeTarget "iTunesSearchTests" */;
			buildPhases = (
				2EB058BD58E91F82E97FAC83 /* [CP] Check Pods Manifest.lock */,
				5CB6DEC22872E83700A752A7 /* Sources */,
				5CB6DEC32872E83700A752A7 /* Frameworks */,
				5CB6DEC42872E83700A752A7 /* Resources */,
				7FC5A5BFC350D3F068265DD9 /* [CP] Embed Pods Frameworks */,
			);
			buildRules = (
			);
			dependencies = (
				5CB6DEC82872E83700A752A7 /* PBXTargetDependency */,
			);
			name = iTunesSearchTests;
			productName = iTunesSearchTests;
			productReference = 5CB6DEC62872E83700A752A7 /* iTunesSearchTests.xctest */;
			productType = "com.apple.product-type.bundle.unit-test";
		};
		5CB6DECF2872E83700A752A7 /* iTunesSearchUITests */ = {
			isa = PBXNativeTarget;
			buildConfigurationList = 5CB6DEE02872E83700A752A7 /* Build configuration list for PBXNativeTarget "iTunesSearchUITests" */;
			buildPhases = (
				707CF1AE8D63CF819C0FFB66 /* [CP] Check Pods Manifest.lock */,
				5CB6DECC2872E83700A752A7 /* Sources */,
				5CB6DECD2872E83700A752A7 /* Frameworks */,
				5CB6DECE2872E83700A752A7 /* Resources */,
				B93F1BA5FFD67263F58B945D /* [CP] Embed Pods Frameworks */,
			);
			buildRules = (
			);
			dependencies = (
				5CB6DED22872E83700A752A7 /* PBXTargetDependency */,
			);
			name = iTunesSearchUITests;
			productName = iTunesSearchUITests;
			productReference = 5CB6DED02872E83700A752A7 /* iTunesSearchUITests.xctest */;
			productType = "com.apple.product-type.bundle.ui-testing";
		};
/* End PBXNativeTarget section */

/* Begin PBXProject section */
		5CB6DEA82872E83600A752A7 /* Project object */ = {
			isa = PBXProject;
			attributes = {
				BuildIndependentTargetsInParallel = 1;
				LastSwiftUpdateCheck = 1340;
				LastUpgradeCheck = 1340;
				TargetAttributes = {
					5CB6DEAF2872E83600A752A7 = {
						CreatedOnToolsVersion = 13.4.1;
					};
					5CB6DEC52872E83700A752A7 = {
						CreatedOnToolsVersion = 13.4.1;
						TestTargetID = 5CB6DEAF2872E83600A752A7;
					};
					5CB6DECF2872E83700A752A7 = {
						CreatedOnToolsVersion = 13.4.1;
						TestTargetID = 5CB6DEAF2872E83600A752A7;
					};
				};
			};
			buildConfigurationList = 5CB6DEAB2872E83600A752A7 /* Build configuration list for PBXProject "iTunesSearch" */;
			compatibilityVersion = "Xcode 13.0";
			developmentRegion = en;
			hasScannedForEncodings = 0;
			knownRegions = (
				en,
				Base,
			);
			mainGroup = 5CB6DEA72872E83600A752A7;
			productRefGroup = 5CB6DEB12872E83600A752A7 /* Products */;
			projectDirPath = "";
			projectRoot = "";
			targets = (
				5CB6DEAF2872E83600A752A7 /* iTunesSearch */,
				5CB6DEC52872E83700A752A7 /* iTunesSearchTests */,
				5CB6DECF2872E83700A752A7 /* iTunesSearchUITests */,
			);
		};
/* End PBXProject section */

/* Begin PBXResourcesBuildPhase section */
		5CB6DEAE2872E83600A752A7 /* Resources */ = {
			isa = PBXResourcesBuildPhase;
			buildActionMask = 2147483647;
			files = (
				5CB6DEC02872E83700A752A7 /* LaunchScreen.storyboard in Resources */,
				5CB6DEBD2872E83700A752A7 /* Assets.xcassets in Resources */,
			);
			runOnlyForDeploymentPostprocessing = 0;
		};
		5CB6DEC42872E83700A752A7 /* Resources */ = {
			isa = PBXResourcesBuildPhase;
			buildActionMask = 2147483647;
			files = (
			);
			runOnlyForDeploymentPostprocessing = 0;
		};
		5CB6DECE2872E83700A752A7 /* Resources */ = {
			isa = PBXResourcesBuildPhase;
			buildActionMask = 2147483647;
			files = (
			);
			runOnlyForDeploymentPostprocessing = 0;
		};
/* End PBXResourcesBuildPhase section */

/* Begin PBXShellScriptBuildPhase section */
		246B19F719F9BDF884014A62 /* [CP] Embed Pods Frameworks */ = {
			isa = PBXShellScriptBuildPhase;
			buildActionMask = 2147483647;
			files = (
			);
			inputFileListPaths = (
				"${PODS_ROOT}/Target Support Files/Pods-iTunesSearch/Pods-iTunesSearch-frameworks-${CONFIGURATION}-input-files.xcfilelist",
			);
			name = "[CP] Embed Pods Frameworks";
			outputFileListPaths = (
				"${PODS_ROOT}/Target Support Files/Pods-iTunesSearch/Pods-iTunesSearch-frameworks-${CONFIGURATION}-output-files.xcfilelist",
			);
			runOnlyForDeploymentPostprocessing = 0;
			shellPath = /bin/sh;
			shellScript = "\"${PODS_ROOT}/Target Support Files/Pods-iTunesSearch/Pods-iTunesSearch-frameworks.sh\"\n";
			showEnvVarsInLog = 0;
		};
		2EB058BD58E91F82E97FAC83 /* [CP] Check Pods Manifest.lock */ = {
			isa = PBXShellScriptBuildPhase;
			buildActionMask = 2147483647;
			files = (
			);
			inputFileListPaths = (
			);
			inputPaths = (
				"${PODS_PODFILE_DIR_PATH}/Podfile.lock",
				"${PODS_ROOT}/Manifest.lock",
			);
			name = "[CP] Check Pods Manifest.lock";
			outputFileListPaths = (
			);
			outputPaths = (
				"$(DERIVED_FILE_DIR)/Pods-iTunesSearchTests-checkManifestLockResult.txt",
			);
			runOnlyForDeploymentPostprocessing = 0;
			shellPath = /bin/sh;
			shellScript = "diff \"${PODS_PODFILE_DIR_PATH}/Podfile.lock\" \"${PODS_ROOT}/Manifest.lock\" > /dev/null\nif [ $? != 0 ] ; then\n    # print error to STDERR\n    echo \"error: The sandbox is not in sync with the Podfile.lock. Run 'pod install' or update your CocoaPods installation.\" >&2\n    exit 1\nfi\n# This output is used by Xcode 'outputs' to avoid re-running this script phase.\necho \"SUCCESS\" > \"${SCRIPT_OUTPUT_FILE_0}\"\n";
			showEnvVarsInLog = 0;
		};
		37E3E61C0CC6047A340F091C /* [CP] Check Pods Manifest.lock */ = {
			isa = PBXShellScriptBuildPhase;
			buildActionMask = 2147483647;
			files = (
			);
			inputFileListPaths = (
			);
			inputPaths = (
				"${PODS_PODFILE_DIR_PATH}/Podfile.lock",
				"${PODS_ROOT}/Manifest.lock",
			);
			name = "[CP] Check Pods Manifest.lock";
			outputFileListPaths = (
			);
			outputPaths = (
				"$(DERIVED_FILE_DIR)/Pods-iTunesSearch-checkManifestLockResult.txt",
			);
			runOnlyForDeploymentPostprocessing = 0;
			shellPath = /bin/sh;
			shellScript = "diff \"${PODS_PODFILE_DIR_PATH}/Podfile.lock\" \"${PODS_ROOT}/Manifest.lock\" > /dev/null\nif [ $? != 0 ] ; then\n    # print error to STDERR\n    echo \"error: The sandbox is not in sync with the Podfile.lock. Run 'pod install' or update your CocoaPods installation.\" >&2\n    exit 1\nfi\n# This output is used by Xcode 'outputs' to avoid re-running this script phase.\necho \"SUCCESS\" > \"${SCRIPT_OUTPUT_FILE_0}\"\n";
			showEnvVarsInLog = 0;
		};
		707CF1AE8D63CF819C0FFB66 /* [CP] Check Pods Manifest.lock */ = {
			isa = PBXShellScriptBuildPhase;
			buildActionMask = 2147483647;
			files = (
			);
			inputFileListPaths = (
			);
			inputPaths = (
				"${PODS_PODFILE_DIR_PATH}/Podfile.lock",
				"${PODS_ROOT}/Manifest.lock",
			);
			name = "[CP] Check Pods Manifest.lock";
			outputFileListPaths = (
			);
			outputPaths = (
				"$(DERIVED_FILE_DIR)/Pods-iTunesSearch-iTunesSearchUITests-checkManifestLockResult.txt",
			);
			runOnlyForDeploymentPostprocessing = 0;
			shellPath = /bin/sh;
			shellScript = "diff \"${PODS_PODFILE_DIR_PATH}/Podfile.lock\" \"${PODS_ROOT}/Manifest.lock\" > /dev/null\nif [ $? != 0 ] ; then\n    # print error to STDERR\n    echo \"error: The sandbox is not in sync with the Podfile.lock. Run 'pod install' or update your CocoaPods installation.\" >&2\n    exit 1\nfi\n# This output is used by Xcode 'outputs' to avoid re-running this script phase.\necho \"SUCCESS\" > \"${SCRIPT_OUTPUT_FILE_0}\"\n";
			showEnvVarsInLog = 0;
		};
		7FC5A5BFC350D3F068265DD9 /* [CP] Embed Pods Frameworks */ = {
			isa = PBXShellScriptBuildPhase;
			buildActionMask = 2147483647;
			files = (
			);
			inputFileListPaths = (
				"${PODS_ROOT}/Target Support Files/Pods-iTunesSearchTests/Pods-iTunesSearchTests-frameworks-${CONFIGURATION}-input-files.xcfilelist",
			);
			name = "[CP] Embed Pods Frameworks";
			outputFileListPaths = (
				"${PODS_ROOT}/Target Support Files/Pods-iTunesSearchTests/Pods-iTunesSearchTests-frameworks-${CONFIGURATION}-output-files.xcfilelist",
			);
			runOnlyForDeploymentPostprocessing = 0;
			shellPath = /bin/sh;
			shellScript = "\"${PODS_ROOT}/Target Support Files/Pods-iTunesSearchTests/Pods-iTunesSearchTests-frameworks.sh\"\n";
			showEnvVarsInLog = 0;
		};
		B93F1BA5FFD67263F58B945D /* [CP] Embed Pods Frameworks */ = {
			isa = PBXShellScriptBuildPhase;
			buildActionMask = 2147483647;
			files = (
			);
			inputFileListPaths = (
				"${PODS_ROOT}/Target Support Files/Pods-iTunesSearch-iTunesSearchUITests/Pods-iTunesSearch-iTunesSearchUITests-frameworks-${CONFIGURATION}-input-files.xcfilelist",
			);
			name = "[CP] Embed Pods Frameworks";
			outputFileListPaths = (
				"${PODS_ROOT}/Target Support Files/Pods-iTunesSearch-iTunesSearchUITests/Pods-iTunesSearch-iTunesSearchUITests-frameworks-${CONFIGURATION}-output-files.xcfilelist",
			);
			runOnlyForDeploymentPostprocessing = 0;
			shellPath = /bin/sh;
			shellScript = "\"${PODS_ROOT}/Target Support Files/Pods-iTunesSearch-iTunesSearchUITests/Pods-iTunesSearch-iTunesSearchUITests-frameworks.sh\"\n";
			showEnvVarsInLog = 0;
		};
/* End PBXShellScriptBuildPhase section */

/* Begin PBXSourcesBuildPhase section */
		5CB6DEAC2872E83600A752A7 /* Sources */ = {
			isa = PBXSourcesBuildPhase;
			buildActionMask = 2147483647;
			files = (
				5CB6DEB82872E83600A752A7 /* SearchViewController.swift in Sources */,
				5CB6DEB42872E83600A752A7 /* AppDelegate.swift in Sources */,
				5CB6DEE62872F44300A752A7 /* Song.swift in Sources */,
				5CB6DEB62872E83600A752A7 /* SceneDelegate.swift in Sources */,
				5CB6DEE42872F01600A752A7 /* SongTableViewCell.swift in Sources */,
				5CB6DEE82872F95600A752A7 /* SearchViewReactor.swift in Sources */,
			);
			runOnlyForDeploymentPostprocessing = 0;
		};
		5CB6DEC22872E83700A752A7 /* Sources */ = {
			isa = PBXSourcesBuildPhase;
			buildActionMask = 2147483647;
			files = (
				5CB6DEEC2872FB4400A752A7 /* SearchViewControllerSpec.swift in Sources */,
			);
			runOnlyForDeploymentPostprocessing = 0;
		};
		5CB6DECC2872E83700A752A7 /* Sources */ = {
			isa = PBXSourcesBuildPhase;
			buildActionMask = 2147483647;
			files = (
				5CB6DED72872E83700A752A7 /* iTunesSearchUITestsLaunchTests.swift in Sources */,
				5CB6DED52872E83700A752A7 /* iTunesSearchUITests.swift in Sources */,
			);
			runOnlyForDeploymentPostprocessing = 0;
		};
/* End PBXSourcesBuildPhase section */

/* Begin PBXTargetDependency section */
		5CB6DEC82872E83700A752A7 /* PBXTargetDependency */ = {
			isa = PBXTargetDependency;
			target = 5CB6DEAF2872E83600A752A7 /* iTunesSearch */;
			targetProxy = 5CB6DEC72872E83700A752A7 /* PBXContainerItemProxy */;
		};
		5CB6DED22872E83700A752A7 /* PBXTargetDependency */ = {
			isa = PBXTargetDependency;
			target = 5CB6DEAF2872E83600A752A7 /* iTunesSearch */;
			targetProxy = 5CB6DED12872E83700A752A7 /* PBXContainerItemProxy */;
		};
/* End PBXTargetDependency section */

/* Begin PBXVariantGroup section */
		5CB6DEBE2872E83700A752A7 /* LaunchScreen.storyboard */ = {
			isa = PBXVariantGroup;
			children = (
				5CB6DEBF2872E83700A752A7 /* Base */,
			);
			name = LaunchScreen.storyboard;
			sourceTree = "<group>";
		};
/* End PBXVariantGroup section */

/* Begin XCBuildConfiguration section */
		5CB6DED82872E83700A752A7 /* Debug */ = {
			isa = XCBuildConfiguration;
			buildSettings = {
				ALWAYS_SEARCH_USER_PATHS = NO;
				CLANG_ANALYZER_NONNULL = YES;
				CLANG_ANALYZER_NUMBER_OBJECT_CONVERSION = YES_AGGRESSIVE;
				CLANG_CXX_LANGUAGE_STANDARD = "gnu++17";
				CLANG_ENABLE_MODULES = YES;
				CLANG_ENABLE_OBJC_ARC = YES;
				CLANG_ENABLE_OBJC_WEAK = YES;
				CLANG_WARN_BLOCK_CAPTURE_AUTORELEASING = YES;
				CLANG_WARN_BOOL_CONVERSION = YES;
				CLANG_WARN_COMMA = YES;
				CLANG_WARN_CONSTANT_CONVERSION = YES;
				CLANG_WARN_DEPRECATED_OBJC_IMPLEMENTATIONS = YES;
				CLANG_WARN_DIRECT_OBJC_ISA_USAGE = YES_ERROR;
				CLANG_WARN_DOCUMENTATION_COMMENTS = YES;
				CLANG_WARN_EMPTY_BODY = YES;
				CLANG_WARN_ENUM_CONVERSION = YES;
				CLANG_WARN_INFINITE_RECURSION = YES;
				CLANG_WARN_INT_CONVERSION = YES;
				CLANG_WARN_NON_LITERAL_NULL_CONVERSION = YES;
				CLANG_WARN_OBJC_IMPLICIT_RETAIN_SELF = YES;
				CLANG_WARN_OBJC_LITERAL_CONVERSION = YES;
				CLANG_WARN_OBJC_ROOT_CLASS = YES_ERROR;
				CLANG_WARN_QUOTED_INCLUDE_IN_FRAMEWORK_HEADER = YES;
				CLANG_WARN_RANGE_LOOP_ANALYSIS = YES;
				CLANG_WARN_STRICT_PROTOTYPES = YES;
				CLANG_WARN_SUSPICIOUS_MOVE = YES;
				CLANG_WARN_UNGUARDED_AVAILABILITY = YES_AGGRESSIVE;
				CLANG_WARN_UNREACHABLE_CODE = YES;
				CLANG_WARN__DUPLICATE_METHOD_MATCH = YES;
				COPY_PHASE_STRIP = NO;
				DEBUG_INFORMATION_FORMAT = dwarf;
				ENABLE_STRICT_OBJC_MSGSEND = YES;
				ENABLE_TESTABILITY = YES;
				GCC_C_LANGUAGE_STANDARD = gnu11;
				GCC_DYNAMIC_NO_PIC = NO;
				GCC_NO_COMMON_BLOCKS = YES;
				GCC_OPTIMIZATION_LEVEL = 0;
				GCC_PREPROCESSOR_DEFINITIONS = (
					"DEBUG=1",
					"$(inherited)",
				);
				GCC_WARN_64_TO_32_BIT_CONVERSION = YES;
				GCC_WARN_ABOUT_RETURN_TYPE = YES_ERROR;
				GCC_WARN_UNDECLARED_SELECTOR = YES;
				GCC_WARN_UNINITIALIZED_AUTOS = YES_AGGRESSIVE;
				GCC_WARN_UNUSED_FUNCTION = YES;
				GCC_WARN_UNUSED_VARIABLE = YES;
				IPHONEOS_DEPLOYMENT_TARGET = 15.5;
				MTL_ENABLE_DEBUG_INFO = INCLUDE_SOURCE;
				MTL_FAST_MATH = YES;
				ONLY_ACTIVE_ARCH = YES;
				SDKROOT = iphoneos;
				SWIFT_ACTIVE_COMPILATION_CONDITIONS = DEBUG;
				SWIFT_OPTIMIZATION_LEVEL = "-Onone";
			};
			name = Debug;
		};
		5CB6DED92872E83700A752A7 /* Release */ = {
			isa = XCBuildConfiguration;
			buildSettings = {
				ALWAYS_SEARCH_USER_PATHS = NO;
				CLANG_ANALYZER_NONNULL = YES;
				CLANG_ANALYZER_NUMBER_OBJECT_CONVERSION = YES_AGGRESSIVE;
				CLANG_CXX_LANGUAGE_STANDARD = "gnu++17";
				CLANG_ENABLE_MODULES = YES;
				CLANG_ENABLE_OBJC_ARC = YES;
				CLANG_ENABLE_OBJC_WEAK = YES;
				CLANG_WARN_BLOCK_CAPTURE_AUTORELEASING = YES;
				CLANG_WARN_BOOL_CONVERSION = YES;
				CLANG_WARN_COMMA = YES;
				CLANG_WARN_CONSTANT_CONVERSION = YES;
				CLANG_WARN_DEPRECATED_OBJC_IMPLEMENTATIONS = YES;
				CLANG_WARN_DIRECT_OBJC_ISA_USAGE = YES_ERROR;
				CLANG_WARN_DOCUMENTATION_COMMENTS = YES;
				CLANG_WARN_EMPTY_BODY = YES;
				CLANG_WARN_ENUM_CONVERSION = YES;
				CLANG_WARN_INFINITE_RECURSION = YES;
				CLANG_WARN_INT_CONVERSION = YES;
				CLANG_WARN_NON_LITERAL_NULL_CONVERSION = YES;
				CLANG_WARN_OBJC_IMPLICIT_RETAIN_SELF = YES;
				CLANG_WARN_OBJC_LITERAL_CONVERSION = YES;
				CLANG_WARN_OBJC_ROOT_CLASS = YES_ERROR;
				CLANG_WARN_QUOTED_INCLUDE_IN_FRAMEWORK_HEADER = YES;
				CLANG_WARN_RANGE_LOOP_ANALYSIS = YES;
				CLANG_WARN_STRICT_PROTOTYPES = YES;
				CLANG_WARN_SUSPICIOUS_MOVE = YES;
				CLANG_WARN_UNGUARDED_AVAILABILITY = YES_AGGRESSIVE;
				CLANG_WARN_UNREACHABLE_CODE = YES;
				CLANG_WARN__DUPLICATE_METHOD_MATCH = YES;
				COPY_PHASE_STRIP = NO;
				DEBUG_INFORMATION_FORMAT = "dwarf-with-dsym";
				ENABLE_NS_ASSERTIONS = NO;
				ENABLE_STRICT_OBJC_MSGSEND = YES;
				GCC_C_LANGUAGE_STANDARD = gnu11;
				GCC_NO_COMMON_BLOCKS = YES;
				GCC_WARN_64_TO_32_BIT_CONVERSION = YES;
				GCC_WARN_ABOUT_RETURN_TYPE = YES_ERROR;
				GCC_WARN_UNDECLARED_SELECTOR = YES;
				GCC_WARN_UNINITIALIZED_AUTOS = YES_AGGRESSIVE;
				GCC_WARN_UNUSED_FUNCTION = YES;
				GCC_WARN_UNUSED_VARIABLE = YES;
				IPHONEOS_DEPLOYMENT_TARGET = 15.5;
				MTL_ENABLE_DEBUG_INFO = NO;
				MTL_FAST_MATH = YES;
				SDKROOT = iphoneos;
				SWIFT_COMPILATION_MODE = wholemodule;
				SWIFT_OPTIMIZATION_LEVEL = "-O";
				VALIDATE_PRODUCT = YES;
			};
			name = Release;
		};
		5CB6DEDB2872E83700A752A7 /* Debug */ = {
			isa = XCBuildConfiguration;
			baseConfigurationReference = 48D81AB461B957BD71A50CED /* Pods-iTunesSearch.debug.xcconfig */;
			buildSettings = {
				ASSETCATALOG_COMPILER_APPICON_NAME = AppIcon;
				ASSETCATALOG_COMPILER_GLOBAL_ACCENT_COLOR_NAME = AccentColor;
				CODE_SIGN_STYLE = Automatic;
				CURRENT_PROJECT_VERSION = 1;
				DEVELOPMENT_TEAM = LBQ4DG3G4G;
				GENERATE_INFOPLIST_FILE = YES;
				INFOPLIST_FILE = iTunesSearch/Resource/Info.plist;
				INFOPLIST_KEY_UIApplicationSupportsIndirectInputEvents = YES;
				INFOPLIST_KEY_UILaunchStoryboardName = LaunchScreen;
				INFOPLIST_KEY_UISupportedInterfaceOrientations_iPad = "UIInterfaceOrientationPortrait UIInterfaceOrientationPortraitUpsideDown UIInterfaceOrientationLandscapeLeft UIInterfaceOrientationLandscapeRight";
				INFOPLIST_KEY_UISupportedInterfaceOrientations_iPhone = "UIInterfaceOrientationPortrait UIInterfaceOrientationLandscapeLeft UIInterfaceOrientationLandscapeRight";
				LD_RUNPATH_SEARCH_PATHS = (
					"$(inherited)",
					"@executable_path/Frameworks",
				);
				MARKETING_VERSION = 1.0;
				PRODUCT_BUNDLE_IDENTIFIER = com.hyesu.iTunesSearch;
				PRODUCT_NAME = "$(TARGET_NAME)";
				SWIFT_EMIT_LOC_STRINGS = YES;
				SWIFT_VERSION = 5.0;
				TARGETED_DEVICE_FAMILY = "1,2";
			};
			name = Debug;
		};
		5CB6DEDC2872E83700A752A7 /* Release */ = {
			isa = XCBuildConfiguration;
			baseConfigurationReference = C87098D73B656AD9FF3EC79F /* Pods-iTunesSearch.release.xcconfig */;
			buildSettings = {
				ASSETCATALOG_COMPILER_APPICON_NAME = AppIcon;
				ASSETCATALOG_COMPILER_GLOBAL_ACCENT_COLOR_NAME = AccentColor;
				CODE_SIGN_STYLE = Automatic;
				CURRENT_PROJECT_VERSION = 1;
				DEVELOPMENT_TEAM = LBQ4DG3G4G;
				GENERATE_INFOPLIST_FILE = YES;
				INFOPLIST_FILE = iTunesSearch/Resource/Info.plist;
				INFOPLIST_KEY_UIApplicationSupportsIndirectInputEvents = YES;
				INFOPLIST_KEY_UILaunchStoryboardName = LaunchScreen;
				INFOPLIST_KEY_UISupportedInterfaceOrientations_iPad = "UIInterfaceOrientationPortrait UIInterfaceOrientationPortraitUpsideDown UIInterfaceOrientationLandscapeLeft UIInterfaceOrientationLandscapeRight";
				INFOPLIST_KEY_UISupportedInterfaceOrientations_iPhone = "UIInterfaceOrientationPortrait UIInterfaceOrientationLandscapeLeft UIInterfaceOrientationLandscapeRight";
				LD_RUNPATH_SEARCH_PATHS = (
					"$(inherited)",
					"@executable_path/Frameworks",
				);
				MARKETING_VERSION = 1.0;
				PRODUCT_BUNDLE_IDENTIFIER = com.hyesu.iTunesSearch;
				PRODUCT_NAME = "$(TARGET_NAME)";
				SWIFT_EMIT_LOC_STRINGS = YES;
				SWIFT_VERSION = 5.0;
				TARGETED_DEVICE_FAMILY = "1,2";
			};
			name = Release;
		};
		5CB6DEDE2872E83700A752A7 /* Debug */ = {
			isa = XCBuildConfiguration;
			baseConfigurationReference = FF113BC766EC8EE1D7E354A0 /* Pods-iTunesSearchTests.debug.xcconfig */;
			buildSettings = {
				ALWAYS_EMBED_SWIFT_STANDARD_LIBRARIES = YES;
				BUNDLE_LOADER = "$(TEST_HOST)";
				CODE_SIGN_STYLE = Automatic;
				CURRENT_PROJECT_VERSION = 1;
				DEVELOPMENT_TEAM = LBQ4DG3G4G;
				GENERATE_INFOPLIST_FILE = YES;
				IPHONEOS_DEPLOYMENT_TARGET = 15.5;
				MARKETING_VERSION = 1.0;
				PRODUCT_BUNDLE_IDENTIFIER = com.hyesu.iTunesSearchTests;
				PRODUCT_NAME = "$(TARGET_NAME)";
				SWIFT_EMIT_LOC_STRINGS = NO;
				SWIFT_VERSION = 5.0;
				TARGETED_DEVICE_FAMILY = "1,2";
				TEST_HOST = "$(BUILT_PRODUCTS_DIR)/iTunesSearch.app/iTunesSearch";
			};
			name = Debug;
		};
		5CB6DEDF2872E83700A752A7 /* Release */ = {
			isa = XCBuildConfiguration;
			baseConfigurationReference = 73253AC2222DCBDD5EA82590 /* Pods-iTunesSearchTests.release.xcconfig */;
			buildSettings = {
				ALWAYS_EMBED_SWIFT_STANDARD_LIBRARIES = YES;
				BUNDLE_LOADER = "$(TEST_HOST)";
				CODE_SIGN_STYLE = Automatic;
				CURRENT_PROJECT_VERSION = 1;
				DEVELOPMENT_TEAM = LBQ4DG3G4G;
				GENERATE_INFOPLIST_FILE = YES;
				IPHONEOS_DEPLOYMENT_TARGET = 15.5;
				MARKETING_VERSION = 1.0;
				PRODUCT_BUNDLE_IDENTIFIER = com.hyesu.iTunesSearchTests;
				PRODUCT_NAME = "$(TARGET_NAME)";
				SWIFT_EMIT_LOC_STRINGS = NO;
				SWIFT_VERSION = 5.0;
				TARGETED_DEVICE_FAMILY = "1,2";
				TEST_HOST = "$(BUILT_PRODUCTS_DIR)/iTunesSearch.app/iTunesSearch";
			};
			name = Release;
		};
		5CB6DEE12872E83700A752A7 /* Debug */ = {
			isa = XCBuildConfiguration;
			baseConfigurationReference = 0D31E7F52949B4394322B51F /* Pods-iTunesSearch-iTunesSearchUITests.debug.xcconfig */;
			buildSettings = {
				ALWAYS_EMBED_SWIFT_STANDARD_LIBRARIES = YES;
				CODE_SIGN_STYLE = Automatic;
				CURRENT_PROJECT_VERSION = 1;
				DEVELOPMENT_TEAM = LBQ4DG3G4G;
				GENERATE_INFOPLIST_FILE = YES;
				MARKETING_VERSION = 1.0;
				PRODUCT_BUNDLE_IDENTIFIER = com.hyesu.iTunesSearchUITests;
				PRODUCT_NAME = "$(TARGET_NAME)";
				SWIFT_EMIT_LOC_STRINGS = NO;
				SWIFT_VERSION = 5.0;
				TARGETED_DEVICE_FAMILY = "1,2";
				TEST_TARGET_NAME = iTunesSearch;
			};
			name = Debug;
		};
		5CB6DEE22872E83700A752A7 /* Release */ = {
			isa = XCBuildConfiguration;
			baseConfigurationReference = EFC8CE121A64151A70E26146 /* Pods-iTunesSearch-iTunesSearchUITests.release.xcconfig */;
			buildSettings = {
				ALWAYS_EMBED_SWIFT_STANDARD_LIBRARIES = YES;
				CODE_SIGN_STYLE = Automatic;
				CURRENT_PROJECT_VERSION = 1;
				DEVELOPMENT_TEAM = LBQ4DG3G4G;
				GENERATE_INFOPLIST_FILE = YES;
				MARKETING_VERSION = 1.0;
				PRODUCT_BUNDLE_IDENTIFIER = com.hyesu.iTunesSearchUITests;
				PRODUCT_NAME = "$(TARGET_NAME)";
				SWIFT_EMIT_LOC_STRINGS = NO;
				SWIFT_VERSION = 5.0;
				TARGETED_DEVICE_FAMILY = "1,2";
				TEST_TARGET_NAME = iTunesSearch;
			};
			name = Release;
		};
/* End XCBuildConfiguration section */

/* Begin XCConfigurationList section */
		5CB6DEAB2872E83600A752A7 /* Build configuration list for PBXProject "iTunesSearch" */ = {
			isa = XCConfigurationList;
			buildConfigurations = (
				5CB6DED82872E83700A752A7 /* Debug */,
				5CB6DED92872E83700A752A7 /* Release */,
			);
			defaultConfigurationIsVisible = 0;
			defaultConfigurationName = Release;
		};
		5CB6DEDA2872E83700A752A7 /* Build configuration list for PBXNativeTarget "iTunesSearch" */ = {
			isa = XCConfigurationList;
			buildConfigurations = (
				5CB6DEDB2872E83700A752A7 /* Debug */,
				5CB6DEDC2872E83700A752A7 /* Release */,
			);
			defaultConfigurationIsVisible = 0;
			defaultConfigurationName = Release;
		};
		5CB6DEDD2872E83700A752A7 /* Build configuration list for PBXNativeTarget "iTunesSearchTests" */ = {
			isa = XCConfigurationList;
			buildConfigurations = (
				5CB6DEDE2872E83700A752A7 /* Debug */,
				5CB6DEDF2872E83700A752A7 /* Release */,
			);
			defaultConfigurationIsVisible = 0;
			defaultConfigurationName = Release;
		};
		5CB6DEE02872E83700A752A7 /* Build configuration list for PBXNativeTarget "iTunesSearchUITests" */ = {
			isa = XCConfigurationList;
			buildConfigurations = (
				5CB6DEE12872E83700A752A7 /* Debug */,
				5CB6DEE22872E83700A752A7 /* Release */,
			);
			defaultConfigurationIsVisible = 0;
			defaultConfigurationName = Release;
		};
/* End XCConfigurationList section */
	};
	rootObject = 5CB6DEA82872E83600A752A7 /* Project object */;
}
